// !$*UTF8*$!
{
	archiveVersion = 1;
	classes = {
	};
	objectVersion = 56;
	objects = {

/* Begin PBXBuildFile section */
		B8176DBB2B7EE99E0052C661 /* ContentView.swift in Sources */ = {isa = PBXBuildFile; fileRef = B8176DBA2B7EE99E0052C661 /* ContentView.swift */; };
		B8176DBE2B7EF16D0052C661 /* DataFetcher.swift in Sources */ = {isa = PBXBuildFile; fileRef = B8176DBD2B7EF16D0052C661 /* DataFetcher.swift */; };
		B8176DC02B7EF2EC0052C661 /* PhotoResource.swift in Sources */ = {isa = PBXBuildFile; fileRef = B8176DBF2B7EF2EC0052C661 /* PhotoResource.swift */; };
		B8176DC32B7EF7160052C661 /* Color+.swift in Sources */ = {isa = PBXBuildFile; fileRef = B8176DC22B7EF7160052C661 /* Color+.swift */; };
		B8176DC52B7F10280052C661 /* Plain.swift in Sources */ = {isa = PBXBuildFile; fileRef = B8176DC42B7F10280052C661 /* Plain.swift */; };
		B8176DC92B7F243D0052C661 /* PhotoView.swift in Sources */ = {isa = PBXBuildFile; fileRef = B8176DC82B7F243D0052C661 /* PhotoView.swift */; };
		B8176DCB2B7F50330052C661 /* PhotoDetail.swift in Sources */ = {isa = PBXBuildFile; fileRef = B8176DCA2B7F50330052C661 /* PhotoDetail.swift */; };
		B817E82D2B85CA8700C2D6DA /* Preferences.swift in Sources */ = {isa = PBXBuildFile; fileRef = B817E82C2B85CA8700C2D6DA /* Preferences.swift */; };
		B83D3E172B8C7B1D00EADF24 /* InfiniteScroll.swift in Sources */ = {isa = PBXBuildFile; fileRef = B83D3E162B8C7B1D00EADF24 /* InfiniteScroll.swift */; };
		B857DD942B8337AA00A5BEFA /* ModelData.swift in Sources */ = {isa = PBXBuildFile; fileRef = B857DD932B8337AA00A5BEFA /* ModelData.swift */; };
		B867220E2B7DF074004E670C /* AnimationsApp.swift in Sources */ = {isa = PBXBuildFile; fileRef = B867220D2B7DF074004E670C /* AnimationsApp.swift */; };
		B86722122B7DF075004E670C /* Assets.xcassets in Resources */ = {isa = PBXBuildFile; fileRef = B86722112B7DF075004E670C /* Assets.xcassets */; };
		B8ED37842B84233F006F27CA /* SharedElement.swift in Sources */ = {isa = PBXBuildFile; fileRef = B8ED37832B84233F006F27CA /* SharedElement.swift */; };
		B8ED37862B84917D006F27CA /* TestAnimation.swift in Sources */ = {isa = PBXBuildFile; fileRef = B8ED37852B84917D006F27CA /* TestAnimation.swift */; };
/* End PBXBuildFile section */

/* Begin PBXFileReference section */
		B8176DB82B7EE7750052C661 /* MyPlayground.playground */ = {isa = PBXFileReference; lastKnownFileType = file.playground; path = MyPlayground.playground; sourceTree = "<group>"; xcLanguageSpecificationIdentifier = xcode.lang.swift; };
		B8176DBA2B7EE99E0052C661 /* ContentView.swift */ = {isa = PBXFileReference; lastKnownFileType = sourcecode.swift; path = ContentView.swift; sourceTree = "<group>"; };
		B8176DBD2B7EF16D0052C661 /* DataFetcher.swift */ = {isa = PBXFileReference; lastKnownFileType = sourcecode.swift; path = DataFetcher.swift; sourceTree = "<group>"; };
		B8176DBF2B7EF2EC0052C661 /* PhotoResource.swift */ = {isa = PBXFileReference; lastKnownFileType = sourcecode.swift; path = PhotoResource.swift; sourceTree = "<group>"; };
		B8176DC22B7EF7160052C661 /* Color+.swift */ = {isa = PBXFileReference; lastKnownFileType = sourcecode.swift; path = "Color+.swift"; sourceTree = "<group>"; };
		B8176DC42B7F10280052C661 /* Plain.swift */ = {isa = PBXFileReference; lastKnownFileType = sourcecode.swift; path = Plain.swift; sourceTree = "<group>"; };
		B8176DC82B7F243D0052C661 /* PhotoView.swift */ = {isa = PBXFileReference; lastKnownFileType = sourcecode.swift; path = PhotoView.swift; sourceTree = "<group>"; };
		B8176DCA2B7F50330052C661 /* PhotoDetail.swift */ = {isa = PBXFileReference; lastKnownFileType = sourcecode.swift; path = PhotoDetail.swift; sourceTree = "<group>"; };
		B817E82C2B85CA8700C2D6DA /* Preferences.swift */ = {isa = PBXFileReference; lastKnownFileType = sourcecode.swift; path = Preferences.swift; sourceTree = "<group>"; };
		B83D3E162B8C7B1D00EADF24 /* InfiniteScroll.swift */ = {isa = PBXFileReference; fileEncoding = 4; lastKnownFileType = sourcecode.swift; path = InfiniteScroll.swift; sourceTree = "<group>"; };
		B857DD932B8337AA00A5BEFA /* ModelData.swift */ = {isa = PBXFileReference; lastKnownFileType = sourcecode.swift; path = ModelData.swift; sourceTree = "<group>"; };
		B867220A2B7DF074004E670C /* Animations.app */ = {isa = PBXFileReference; explicitFileType = wrapper.application; includeInIndex = 0; path = Animations.app; sourceTree = BUILT_PRODUCTS_DIR; };
		B867220D2B7DF074004E670C /* AnimationsApp.swift */ = {isa = PBXFileReference; lastKnownFileType = sourcecode.swift; path = AnimationsApp.swift; sourceTree = "<group>"; };
		B86722112B7DF075004E670C /* Assets.xcassets */ = {isa = PBXFileReference; lastKnownFileType = folder.assetcatalog; path = Assets.xcassets; sourceTree = "<group>"; };
		B8ED37832B84233F006F27CA /* SharedElement.swift */ = {isa = PBXFileReference; lastKnownFileType = sourcecode.swift; path = SharedElement.swift; sourceTree = "<group>"; };
		B8ED37852B84917D006F27CA /* TestAnimation.swift */ = {isa = PBXFileReference; lastKnownFileType = sourcecode.swift; path = TestAnimation.swift; sourceTree = "<group>"; };
/* End PBXFileReference section */

/* Begin PBXFrameworksBuildPhase section */
		B86722072B7DF074004E670C /* Frameworks */ = {
			isa = PBXFrameworksBuildPhase;
			buildActionMask = 2147483647;
			files = (
			);
			runOnlyForDeploymentPostprocessing = 0;
		};
/* End PBXFrameworksBuildPhase section */

/* Begin PBXGroup section */
		B8176DB92B7EE9680052C661 /* Model */ = {
			isa = PBXGroup;
			children = (
				B8176DBD2B7EF16D0052C661 /* DataFetcher.swift */,
				B8176DBF2B7EF2EC0052C661 /* PhotoResource.swift */,
				B857DD932B8337AA00A5BEFA /* ModelData.swift */,
			);
			path = Model;
			sourceTree = "<group>";
		};
		B8176DBC2B7EE9B10052C661 /* Views */ = {
			isa = PBXGroup;
			children = (
				B83D3E162B8C7B1D00EADF24 /* InfiniteScroll.swift */,
				B8176DC42B7F10280052C661 /* Plain.swift */,
				B8ED37832B84233F006F27CA /* SharedElement.swift */,
				B8ED37852B84917D006F27CA /* TestAnimation.swift */,
				B8176DC82B7F243D0052C661 /* PhotoView.swift */,
				B8176DCA2B7F50330052C661 /* PhotoDetail.swift */,
				B817E82C2B85CA8700C2D6DA /* Preferences.swift */,
			);
			path = Views;
			sourceTree = "<group>";
		};
		B8176DC12B7EF6E10052C661 /* Extensions */ = {
			isa = PBXGroup;
			children = (
				B8176DC22B7EF7160052C661 /* Color+.swift */,
			);
			path = Extensions;
			sourceTree = "<group>";
		};
		B86722012B7DF074004E670C = {
			isa = PBXGroup;
			children = (
				B8176DB82B7EE7750052C661 /* MyPlayground.playground */,
				B867220C2B7DF074004E670C /* Animations */,
				B867220B2B7DF074004E670C /* Products */,
			);
			sourceTree = "<group>";
		};
		B867220B2B7DF074004E670C /* Products */ = {
			isa = PBXGroup;
			children = (
				B867220A2B7DF074004E670C /* Animations.app */,
			);
			name = Products;
			sourceTree = "<group>";
		};
		B867220C2B7DF074004E670C /* Animations */ = {
			isa = PBXGroup;
			children = (
				B8176DC12B7EF6E10052C661 /* Extensions */,
				B8176DBC2B7EE9B10052C661 /* Views */,
				B8176DB92B7EE9680052C661 /* Model */,
				B867220D2B7DF074004E670C /* AnimationsApp.swift */,
				B8176DBA2B7EE99E0052C661 /* ContentView.swift */,
				B86722112B7DF075004E670C /* Assets.xcassets */,
			);
			path = Animations;
			sourceTree = "<group>";
		};
/* End PBXGroup section */

/* Begin PBXNativeTarget section */
		B86722092B7DF074004E670C /* Animations */ = {
			isa = PBXNativeTarget;
			buildConfigurationList = B86722182B7DF075004E670C /* Build configuration list for PBXNativeTarget "Animations" */;
			buildPhases = (
				B86722062B7DF074004E670C /* Sources */,
				B86722072B7DF074004E670C /* Frameworks */,
				B86722082B7DF074004E670C /* Resources */,
			);
			buildRules = (
			);
			dependencies = (
			);
			name = Animations;
			productName = Animations;
			productReference = B867220A2B7DF074004E670C /* Animations.app */;
			productType = "com.apple.product-type.application";
		};
/* End PBXNativeTarget section */

/* Begin PBXProject section */
		B86722022B7DF074004E670C /* Project object */ = {
			isa = PBXProject;
			attributes = {
				BuildIndependentTargetsInParallel = 1;
				LastSwiftUpdateCheck = 1520;
				LastUpgradeCheck = 1520;
				TargetAttributes = {
					B86722092B7DF074004E670C = {
						CreatedOnToolsVersion = 15.2;
					};
				};
			};
			buildConfigurationList = B86722052B7DF074004E670C /* Build configuration list for PBXProject "Animations" */;
			compatibilityVersion = "Xcode 14.0";
			developmentRegion = en;
			hasScannedForEncodings = 0;
			knownRegions = (
				en,
				Base,
			);
			mainGroup = B86722012B7DF074004E670C;
			productRefGroup = B867220B2B7DF074004E670C /* Products */;
			projectDirPath = "";
			projectRoot = "";
			targets = (
				B86722092B7DF074004E670C /* Animations */,
			);
		};
/* End PBXProject section */

/* Begin PBXResourcesBuildPhase section */
		B86722082B7DF074004E670C /* Resources */ = {
			isa = PBXResourcesBuildPhase;
			buildActionMask = 2147483647;
			files = (
				B86722122B7DF075004E670C /* Assets.xcassets in Resources */,
			);
			runOnlyForDeploymentPostprocessing = 0;
		};
/* End PBXResourcesBuildPhase section */

/* Begin PBXSourcesBuildPhase section */
		B86722062B7DF074004E670C /* Sources */ = {
			isa = PBXSourcesBuildPhase;
			buildActionMask = 2147483647;
			files = (
				B8176DC02B7EF2EC0052C661 /* PhotoResource.swift in Sources */,
				B8176DCB2B7F50330052C661 /* PhotoDetail.swift in Sources */,
				B817E82D2B85CA8700C2D6DA /* Preferences.swift in Sources */,
				B857DD942B8337AA00A5BEFA /* ModelData.swift in Sources */,
				B8ED37842B84233F006F27CA /* SharedElement.swift in Sources */,
				B8ED37862B84917D006F27CA /* TestAnimation.swift in Sources */,
				B83D3E172B8C7B1D00EADF24 /* InfiniteScroll.swift in Sources */,
				B8176DC32B7EF7160052C661 /* Color+.swift in Sources */,
				B8176DC92B7F243D0052C661 /* PhotoView.swift in Sources */,
				B8176DC52B7F10280052C661 /* Plain.swift in Sources */,
				B8176DBE2B7EF16D0052C661 /* DataFetcher.swift in Sources */,
				B867220E2B7DF074004E670C /* AnimationsApp.swift in Sources */,
				B8176DBB2B7EE99E0052C661 /* ContentView.swift in Sources */,
			);
			runOnlyForDeploymentPostprocessing = 0;
		};
/* End PBXSourcesBuildPhase section */

/* Begin XCBuildConfiguration section */
		B86722162B7DF075004E670C /* Debug */ = {
			isa = XCBuildConfiguration;
			buildSettings = {
				ALWAYS_SEARCH_USER_PATHS = NO;
				ASSETCATALOG_COMPILER_GENERATE_SWIFT_ASSET_SYMBOL_EXTENSIONS = YES;
				CLANG_ANALYZER_NONNULL = YES;
				CLANG_ANALYZER_NUMBER_OBJECT_CONVERSION = YES_AGGRESSIVE;
				CLANG_CXX_LANGUAGE_STANDARD = "gnu++20";
				CLANG_ENABLE_MODULES = YES;
				CLANG_ENABLE_OBJC_ARC = YES;
				CLANG_ENABLE_OBJC_WEAK = YES;
				CLANG_WARN_BLOCK_CAPTURE_AUTORELEASING = YES;
				CLANG_WARN_BOOL_CONVERSION = YES;
				CLANG_WARN_COMMA = YES;
				CLANG_WARN_CONSTANT_CONVERSION = YES;
				CLANG_WARN_DEPRECATED_OBJC_IMPLEMENTATIONS = YES;
				CLANG_WARN_DIRECT_OBJC_ISA_USAGE = YES_ERROR;
				CLANG_WARN_DOCUMENTATION_COMMENTS = YES;
				CLANG_WARN_EMPTY_BODY = YES;
				CLANG_WARN_ENUM_CONVERSION = YES;
				CLANG_WARN_INFINITE_RECURSION = YES;
				CLANG_WARN_INT_CONVERSION = YES;
				CLANG_WARN_NON_LITERAL_NULL_CONVERSION = YES;
				CLANG_WARN_OBJC_IMPLICIT_RETAIN_SELF = YES;
				CLANG_WARN_OBJC_LITERAL_CONVERSION = YES;
				CLANG_WARN_OBJC_ROOT_CLASS = YES_ERROR;
				CLANG_WARN_QUOTED_INCLUDE_IN_FRAMEWORK_HEADER = YES;
				CLANG_WARN_RANGE_LOOP_ANALYSIS = YES;
				CLANG_WARN_STRICT_PROTOTYPES = YES;
				CLANG_WARN_SUSPICIOUS_MOVE = YES;
				CLANG_WARN_UNGUARDED_AVAILABILITY = YES_AGGRESSIVE;
				CLANG_WARN_UNREACHABLE_CODE = YES;
				CLANG_WARN__DUPLICATE_METHOD_MATCH = YES;
				COPY_PHASE_STRIP = NO;
				DEBUG_INFORMATION_FORMAT = dwarf;
				ENABLE_STRICT_OBJC_MSGSEND = YES;
				ENABLE_TESTABILITY = YES;
				ENABLE_USER_SCRIPT_SANDBOXING = YES;
				GCC_C_LANGUAGE_STANDARD = gnu17;
				GCC_DYNAMIC_NO_PIC = NO;
				GCC_NO_COMMON_BLOCKS = YES;
				GCC_OPTIMIZATION_LEVEL = 0;
				GCC_PREPROCESSOR_DEFINITIONS = (
					"DEBUG=1",
					"$(inherited)",
				);
				GCC_WARN_64_TO_32_BIT_CONVERSION = YES;
				GCC_WARN_ABOUT_RETURN_TYPE = YES_ERROR;
				GCC_WARN_UNDECLARED_SELECTOR = YES;
				GCC_WARN_UNINITIALIZED_AUTOS = YES_AGGRESSIVE;
				GCC_WARN_UNUSED_FUNCTION = YES;
				GCC_WARN_UNUSED_VARIABLE = YES;
				IPHONEOS_DEPLOYMENT_TARGET = 17.2;
				LOCALIZATION_PREFERS_STRING_CATALOGS = YES;
				MTL_ENABLE_DEBUG_INFO = INCLUDE_SOURCE;
				MTL_FAST_MATH = YES;
				ONLY_ACTIVE_ARCH = YES;
				SDKROOT = iphoneos;
				SWIFT_ACTIVE_COMPILATION_CONDITIONS = "DEBUG $(inherited)";
				SWIFT_OPTIMIZATION_LEVEL = "-Onone";
			};
			name = Debug;
		};
		B86722172B7DF075004E670C /* Release */ = {
			isa = XCBuildConfiguration;
			buildSettings = {
				ALWAYS_SEARCH_USER_PATHS = NO;
				ASSETCATALOG_COMPILER_GENERATE_SWIFT_ASSET_SYMBOL_EXTENSIONS = YES;
				CLANG_ANALYZER_NONNULL = YES;
				CLANG_ANALYZER_NUMBER_OBJECT_CONVERSION = YES_AGGRESSIVE;
				CLANG_CXX_LANGUAGE_STANDARD = "gnu++20";
				CLANG_ENABLE_MODULES = YES;
				CLANG_ENABLE_OBJC_ARC = YES;
				CLANG_ENABLE_OBJC_WEAK = YES;
				CLANG_WARN_BLOCK_CAPTURE_AUTORELEASING = YES;
				CLANG_WARN_BOOL_CONVERSION = YES;
				CLANG_WARN_COMMA = YES;
				CLANG_WARN_CONSTANT_CONVERSION = YES;
				CLANG_WARN_DEPRECATED_OBJC_IMPLEMENTATIONS = YES;
				CLANG_WARN_DIRECT_OBJC_ISA_USAGE = YES_ERROR;
				CLANG_WARN_DOCUMENTATION_COMMENTS = YES;
				CLANG_WARN_EMPTY_BODY = YES;
				CLANG_WARN_ENUM_CONVERSION = YES;
				CLANG_WARN_INFINITE_RECURSION = YES;
				CLANG_WARN_INT_CONVERSION = YES;
				CLANG_WARN_NON_LITERAL_NULL_CONVERSION = YES;
				CLANG_WARN_OBJC_IMPLICIT_RETAIN_SELF = YES;
				CLANG_WARN_OBJC_LITERAL_CONVERSION = YES;
				CLANG_WARN_OBJC_ROOT_CLASS = YES_ERROR;
				CLANG_WARN_QUOTED_INCLUDE_IN_FRAMEWORK_HEADER = YES;
				CLANG_WARN_RANGE_LOOP_ANALYSIS = YES;
				CLANG_WARN_STRICT_PROTOTYPES = YES;
				CLANG_WARN_SUSPICIOUS_MOVE = YES;
				CLANG_WARN_UNGUARDED_AVAILABILITY = YES_AGGRESSIVE;
				CLANG_WARN_UNREACHABLE_CODE = YES;
				CLANG_WARN__DUPLICATE_METHOD_MATCH = YES;
				COPY_PHASE_STRIP = NO;
				DEBUG_INFORMATION_FORMAT = "dwarf-with-dsym";
				ENABLE_NS_ASSERTIONS = NO;
				ENABLE_STRICT_OBJC_MSGSEND = YES;
				ENABLE_USER_SCRIPT_SANDBOXING = YES;
				GCC_C_LANGUAGE_STANDARD = gnu17;
				GCC_NO_COMMON_BLOCKS = YES;
				GCC_WARN_64_TO_32_BIT_CONVERSION = YES;
				GCC_WARN_ABOUT_RETURN_TYPE = YES_ERROR;
				GCC_WARN_UNDECLARED_SELECTOR = YES;
				GCC_WARN_UNINITIALIZED_AUTOS = YES_AGGRESSIVE;
				GCC_WARN_UNUSED_FUNCTION = YES;
				GCC_WARN_UNUSED_VARIABLE = YES;
				IPHONEOS_DEPLOYMENT_TARGET = 17.2;
				LOCALIZATION_PREFERS_STRING_CATALOGS = YES;
				MTL_ENABLE_DEBUG_INFO = NO;
				MTL_FAST_MATH = YES;
				SDKROOT = iphoneos;
				SWIFT_COMPILATION_MODE = wholemodule;
				VALIDATE_PRODUCT = YES;
			};
			name = Release;
		};
		B86722192B7DF075004E670C /* Debug */ = {
			isa = XCBuildConfiguration;
			buildSettings = {
				ASSETCATALOG_COMPILER_APPICON_NAME = AppIcon;
				ASSETCATALOG_COMPILER_GLOBAL_ACCENT_COLOR_NAME = AccentColor;
				CODE_SIGN_STYLE = Automatic;
				CURRENT_PROJECT_VERSION = 1;
				DEVELOPMENT_TEAM = XQ4N3Y5X6L;
				ENABLE_PREVIEWS = YES;
				GENERATE_INFOPLIST_FILE = YES;
				INFOPLIST_KEY_UIApplicationSceneManifest_Generation = YES;
				INFOPLIST_KEY_UIApplicationSupportsIndirectInputEvents = YES;
				INFOPLIST_KEY_UILaunchScreen_Generation = YES;
				INFOPLIST_KEY_UISupportedInterfaceOrientations_iPad = "UIInterfaceOrientationPortrait UIInterfaceOrientationPortraitUpsideDown UIInterfaceOrientationLandscapeLeft UIInterfaceOrientationLandscapeRight";
				INFOPLIST_KEY_UISupportedInterfaceOrientations_iPhone = "UIInterfaceOrientationPortrait UIInterfaceOrientationLandscapeLeft UIInterfaceOrientationLandscapeRight";
				LD_RUNPATH_SEARCH_PATHS = (
					"$(inherited)",
					"@executable_path/Frameworks",
				);
				MARKETING_VERSION = 1.0;
				PRODUCT_BUNDLE_IDENTIFIER = com.uos.Animations;
				PRODUCT_NAME = "$(TARGET_NAME)";
				SWIFT_EMIT_LOC_STRINGS = YES;
				SWIFT_VERSION = 5.0;
				TARGETED_DEVICE_FAMILY = "1,2";
			};
			name = Debug;
		};
		B867221A2B7DF075004E670C /* Release */ = {
			isa = XCBuildConfiguration;
			buildSettings = {
				ASSETCATALOG_COMPILER_APPICON_NAME = AppIcon;
				ASSETCATALOG_COMPILER_GLOBAL_ACCENT_COLOR_NAME = AccentColor;
				CODE_SIGN_STYLE = Automatic;
				CURRENT_PROJECT_VERSION = 1;
				DEVELOPMENT_TEAM = XQ4N3Y5X6L;
				ENABLE_PREVIEWS = YES;
				GENERATE_INFOPLIST_FILE = YES;
				INFOPLIST_KEY_UIApplicationSceneManifest_Generation = YES;
				INFOPLIST_KEY_UIApplicationSupportsIndirectInputEvents = YES;
				INFOPLIST_KEY_UILaunchScreen_Generation = YES;
				INFOPLIST_KEY_UISupportedInterfaceOrientations_iPad = "UIInterfaceOrientationPortrait UIInterfaceOrientationPortraitUpsideDown UIInterfaceOrientationLandscapeLeft UIInterfaceOrientationLandscapeRight";
				INFOPLIST_KEY_UISupportedInterfaceOrientations_iPhone = "UIInterfaceOrientationPortrait UIInterfaceOrientationLandscapeLeft UIInterfaceOrientationLandscapeRight";
				LD_RUNPATH_SEARCH_PATHS = (
					"$(inherited)",
					"@executable_path/Frameworks",
				);
				MARKETING_VERSION = 1.0;
				PRODUCT_BUNDLE_IDENTIFIER = com.uos.Animations;
				PRODUCT_NAME = "$(TARGET_NAME)";
				SWIFT_EMIT_LOC_STRINGS = YES;
				SWIFT_VERSION = 5.0;
				TARGETED_DEVICE_FAMILY = "1,2";
			};
			name = Release;
		};
/* End XCBuildConfiguration section */

/* Begin XCConfigurationList section */
		B86722052B7DF074004E670C /* Build configuration list for PBXProject "Animations" */ = {
			isa = XCConfigurationList;
			buildConfigurations = (
				B86722162B7DF075004E670C /* Debug */,
				B86722172B7DF075004E670C /* Release */,
			);
			defaultConfigurationIsVisible = 0;
			defaultConfigurationName = Release;
		};
		B86722182B7DF075004E670C /* Build configuration list for PBXNativeTarget "Animations" */ = {
			isa = XCConfigurationList;
			buildConfigurations = (
				B86722192B7DF075004E670C /* Debug */,
				B867221A2B7DF075004E670C /* Release */,
			);
			defaultConfigurationIsVisible = 0;
			defaultConfigurationName = Release;
		};
/* End XCConfigurationList section */
	};
	rootObject = B86722022B7DF074004E670C /* Project object */;
}
